
Microsoft Visual Studio Solution File, Format Version 12.00
# Visual Studio Version 16
VisualStudioVersion = 16.0.30002.166
MinimumVisualStudioVersion = 10.0.40219.1
Project("{FAE04EC0-301F-11D3-BF4B-00C04F79EFBC}") = "CicloFor4", "CicloFor4.csproj", "{D61ECA89-A139-48F1-AB25-E7AD3F45C351}"
EndProject
Global
	GlobalSection(SolutionConfigurationPlatforms) = preSolution
		Debug|Any CPU = Debug|Any CPU
		Release|Any CPU = Release|Any CPU
	EndGlobalSection
	GlobalSection(ProjectConfigurationPlatforms) = postSolution
		{D61ECA89-A139-48F1-AB25-E7AD3F45C351}.Debug|Any CPU.ActiveCfg = Debug|Any CPU
		{D61ECA89-A139-48F1-AB25-E7AD3F45C351}.Debug|Any CPU.Build.0 = Debug|Any CPU
		{D61ECA89-A139-48F1-AB25-E7AD3F45C351}.Release|Any CPU.ActiveCfg = Release|Any CPU
		{D61ECA89-A139-48F1-AB25-E7AD3F45C351}.Release|Any CPU.Build.0 = Release|Any CPU
	EndGlobalSection
	GlobalSection(SolutionProperties) = preSolution
		HideSolutionNode = FALSE
	EndGlobalSection
	GlobalSection(ExtensibilityGlobals) = postSolution
		SolutionGuid = {52F027D1-39C4-4D8B-917A-6C52BFE397D4}
	EndGlobalSection
EndGlobal
