
Microsoft Visual Studio Solution File, Format Version 12.00
# Visual Studio Version 16
VisualStudioVersion = 16.0.30002.166
MinimumVisualStudioVersion = 10.0.40219.1
Project("{FAE04EC0-301F-11D3-BF4B-00C04F79EFBC}") = "Matriz1", "Matriz1.csproj", "{1B9D6712-5429-45F1-B892-02B69891074B}"
EndProject
Global
	GlobalSection(SolutionConfigurationPlatforms) = preSolution
		Debug|Any CPU = Debug|Any CPU
		Release|Any CPU = Release|Any CPU
	EndGlobalSection
	GlobalSection(ProjectConfigurationPlatforms) = postSolution
		{1B9D6712-5429-45F1-B892-02B69891074B}.Debug|Any CPU.ActiveCfg = Debug|Any CPU
		{1B9D6712-5429-45F1-B892-02B69891074B}.Debug|Any CPU.Build.0 = Debug|Any CPU
		{1B9D6712-5429-45F1-B892-02B69891074B}.Release|Any CPU.ActiveCfg = Release|Any CPU
		{1B9D6712-5429-45F1-B892-02B69891074B}.Release|Any CPU.Build.0 = Release|Any CPU
	EndGlobalSection
	GlobalSection(SolutionProperties) = preSolution
		HideSolutionNode = FALSE
	EndGlobalSection
	GlobalSection(ExtensibilityGlobals) = postSolution
		SolutionGuid = {16DD6D17-C9F8-4D4F-A802-5F8CBE132652}
	EndGlobalSection
EndGlobal
