
Microsoft Visual Studio Solution File, Format Version 12.00
# Visual Studio Version 16
VisualStudioVersion = 16.0.30002.166
MinimumVisualStudioVersion = 10.0.40219.1
Project("{FAE04EC0-301F-11D3-BF4B-00C04F79EFBC}") = "CicloFor3", "CicloFor3.csproj", "{A69AF587-2B6D-47D0-A4B7-AB93CEC76150}"
EndProject
Global
	GlobalSection(SolutionConfigurationPlatforms) = preSolution
		Debug|Any CPU = Debug|Any CPU
		Release|Any CPU = Release|Any CPU
	EndGlobalSection
	GlobalSection(ProjectConfigurationPlatforms) = postSolution
		{A69AF587-2B6D-47D0-A4B7-AB93CEC76150}.Debug|Any CPU.ActiveCfg = Debug|Any CPU
		{A69AF587-2B6D-47D0-A4B7-AB93CEC76150}.Debug|Any CPU.Build.0 = Debug|Any CPU
		{A69AF587-2B6D-47D0-A4B7-AB93CEC76150}.Release|Any CPU.ActiveCfg = Release|Any CPU
		{A69AF587-2B6D-47D0-A4B7-AB93CEC76150}.Release|Any CPU.Build.0 = Release|Any CPU
	EndGlobalSection
	GlobalSection(SolutionProperties) = preSolution
		HideSolutionNode = FALSE
	EndGlobalSection
	GlobalSection(ExtensibilityGlobals) = postSolution
		SolutionGuid = {8666F7D7-5069-4787-AD43-C0F84D686F75}
	EndGlobalSection
EndGlobal
