
Microsoft Visual Studio Solution File, Format Version 12.00
# Visual Studio Version 16
VisualStudioVersion = 16.0.30002.166
MinimumVisualStudioVersion = 10.0.40219.1
Project("{FAE04EC0-301F-11D3-BF4B-00C04F79EFBC}") = "SentenciaEscaleraDeIf", "SentenciaEscaleraDeIf.csproj", "{BD0CB49C-D3C1-4744-BD69-DA2811FCFE7C}"
EndProject
Global
	GlobalSection(SolutionConfigurationPlatforms) = preSolution
		Debug|Any CPU = Debug|Any CPU
		Release|Any CPU = Release|Any CPU
	EndGlobalSection
	GlobalSection(ProjectConfigurationPlatforms) = postSolution
		{BD0CB49C-D3C1-4744-BD69-DA2811FCFE7C}.Debug|Any CPU.ActiveCfg = Debug|Any CPU
		{BD0CB49C-D3C1-4744-BD69-DA2811FCFE7C}.Debug|Any CPU.Build.0 = Debug|Any CPU
		{BD0CB49C-D3C1-4744-BD69-DA2811FCFE7C}.Release|Any CPU.ActiveCfg = Release|Any CPU
		{BD0CB49C-D3C1-4744-BD69-DA2811FCFE7C}.Release|Any CPU.Build.0 = Release|Any CPU
	EndGlobalSection
	GlobalSection(SolutionProperties) = preSolution
		HideSolutionNode = FALSE
	EndGlobalSection
	GlobalSection(ExtensibilityGlobals) = postSolution
		SolutionGuid = {C233BAA5-DCDC-4A51-BBE5-6ED550CD7884}
	EndGlobalSection
EndGlobal
