
Microsoft Visual Studio Solution File, Format Version 12.00
# Visual Studio Version 16
VisualStudioVersion = 16.0.30002.166
MinimumVisualStudioVersion = 10.0.40219.1
Project("{FAE04EC0-301F-11D3-BF4B-00C04F79EFBC}") = "Funcion4", "Funcion4.csproj", "{7E4BCDF5-9BD3-4C56-A59E-4D29B3382BA7}"
EndProject
Global
	GlobalSection(SolutionConfigurationPlatforms) = preSolution
		Debug|Any CPU = Debug|Any CPU
		Release|Any CPU = Release|Any CPU
	EndGlobalSection
	GlobalSection(ProjectConfigurationPlatforms) = postSolution
		{7E4BCDF5-9BD3-4C56-A59E-4D29B3382BA7}.Debug|Any CPU.ActiveCfg = Debug|Any CPU
		{7E4BCDF5-9BD3-4C56-A59E-4D29B3382BA7}.Debug|Any CPU.Build.0 = Debug|Any CPU
		{7E4BCDF5-9BD3-4C56-A59E-4D29B3382BA7}.Release|Any CPU.ActiveCfg = Release|Any CPU
		{7E4BCDF5-9BD3-4C56-A59E-4D29B3382BA7}.Release|Any CPU.Build.0 = Release|Any CPU
	EndGlobalSection
	GlobalSection(SolutionProperties) = preSolution
		HideSolutionNode = FALSE
	EndGlobalSection
	GlobalSection(ExtensibilityGlobals) = postSolution
		SolutionGuid = {F5A975FB-ACEA-481A-9C3A-696B250C1461}
	EndGlobalSection
EndGlobal
