
Microsoft Visual Studio Solution File, Format Version 12.00
# Visual Studio Version 16
VisualStudioVersion = 16.0.30002.166
MinimumVisualStudioVersion = 10.0.40219.1
Project("{FAE04EC0-301F-11D3-BF4B-00C04F79EFBC}") = "CicloWhile2", "CicloWhile2.csproj", "{EADD54DB-66BE-4B51-937C-72B1284491F8}"
EndProject
Global
	GlobalSection(SolutionConfigurationPlatforms) = preSolution
		Debug|Any CPU = Debug|Any CPU
		Release|Any CPU = Release|Any CPU
	EndGlobalSection
	GlobalSection(ProjectConfigurationPlatforms) = postSolution
		{EADD54DB-66BE-4B51-937C-72B1284491F8}.Debug|Any CPU.ActiveCfg = Debug|Any CPU
		{EADD54DB-66BE-4B51-937C-72B1284491F8}.Debug|Any CPU.Build.0 = Debug|Any CPU
		{EADD54DB-66BE-4B51-937C-72B1284491F8}.Release|Any CPU.ActiveCfg = Release|Any CPU
		{EADD54DB-66BE-4B51-937C-72B1284491F8}.Release|Any CPU.Build.0 = Release|Any CPU
	EndGlobalSection
	GlobalSection(SolutionProperties) = preSolution
		HideSolutionNode = FALSE
	EndGlobalSection
	GlobalSection(ExtensibilityGlobals) = postSolution
		SolutionGuid = {D0B4D05C-650E-40F4-BF9F-EC7EF92DA216}
	EndGlobalSection
EndGlobal
