
Microsoft Visual Studio Solution File, Format Version 12.00
# Visual Studio Version 16
VisualStudioVersion = 16.0.30011.22
MinimumVisualStudioVersion = 10.0.40219.1
Project("{FAE04EC0-301F-11D3-BF4B-00C04F79EFBC}") = "Clase2", "Clase2.csproj", "{90A45B61-51EB-43E0-96BE-0218D82AB23C}"
EndProject
Global
	GlobalSection(SolutionConfigurationPlatforms) = preSolution
		Debug|Any CPU = Debug|Any CPU
		Release|Any CPU = Release|Any CPU
	EndGlobalSection
	GlobalSection(ProjectConfigurationPlatforms) = postSolution
		{90A45B61-51EB-43E0-96BE-0218D82AB23C}.Debug|Any CPU.ActiveCfg = Debug|Any CPU
		{90A45B61-51EB-43E0-96BE-0218D82AB23C}.Debug|Any CPU.Build.0 = Debug|Any CPU
		{90A45B61-51EB-43E0-96BE-0218D82AB23C}.Release|Any CPU.ActiveCfg = Release|Any CPU
		{90A45B61-51EB-43E0-96BE-0218D82AB23C}.Release|Any CPU.Build.0 = Release|Any CPU
	EndGlobalSection
	GlobalSection(SolutionProperties) = preSolution
		HideSolutionNode = FALSE
	EndGlobalSection
	GlobalSection(ExtensibilityGlobals) = postSolution
		SolutionGuid = {59462E62-AFC6-462E-B930-B8CB15010F59}
	EndGlobalSection
EndGlobal
