
Microsoft Visual Studio Solution File, Format Version 12.00
# Visual Studio Version 16
VisualStudioVersion = 16.0.30002.166
MinimumVisualStudioVersion = 10.0.40219.1
Project("{FAE04EC0-301F-11D3-BF4B-00C04F79EFBC}") = "MiProyecto5", "MiProyecto5\MiProyecto5.csproj", "{2FE41401-E7DF-4877-8C07-498DBC0261A9}"
EndProject
Global
	GlobalSection(SolutionConfigurationPlatforms) = preSolution
		Debug|Any CPU = Debug|Any CPU
		Release|Any CPU = Release|Any CPU
	EndGlobalSection
	GlobalSection(ProjectConfigurationPlatforms) = postSolution
		{2FE41401-E7DF-4877-8C07-498DBC0261A9}.Debug|Any CPU.ActiveCfg = Debug|Any CPU
		{2FE41401-E7DF-4877-8C07-498DBC0261A9}.Debug|Any CPU.Build.0 = Debug|Any CPU
		{2FE41401-E7DF-4877-8C07-498DBC0261A9}.Release|Any CPU.ActiveCfg = Release|Any CPU
		{2FE41401-E7DF-4877-8C07-498DBC0261A9}.Release|Any CPU.Build.0 = Release|Any CPU
	EndGlobalSection
	GlobalSection(SolutionProperties) = preSolution
		HideSolutionNode = FALSE
	EndGlobalSection
	GlobalSection(ExtensibilityGlobals) = postSolution
		SolutionGuid = {6CC8A606-E067-4AEB-B20B-66D2332E7157}
	EndGlobalSection
EndGlobal
