
Microsoft Visual Studio Solution File, Format Version 12.00
# Visual Studio Version 16
VisualStudioVersion = 16.0.30002.166
MinimumVisualStudioVersion = 10.0.40219.1
Project("{FAE04EC0-301F-11D3-BF4B-00C04F79EFBC}") = "MiProyecto4", "MiProyecto4.csproj", "{2A479BF4-2567-4DF9-AA1B-E7583933235B}"
EndProject
Global
	GlobalSection(SolutionConfigurationPlatforms) = preSolution
		Debug|Any CPU = Debug|Any CPU
		Release|Any CPU = Release|Any CPU
	EndGlobalSection
	GlobalSection(ProjectConfigurationPlatforms) = postSolution
		{2A479BF4-2567-4DF9-AA1B-E7583933235B}.Debug|Any CPU.ActiveCfg = Debug|Any CPU
		{2A479BF4-2567-4DF9-AA1B-E7583933235B}.Debug|Any CPU.Build.0 = Debug|Any CPU
		{2A479BF4-2567-4DF9-AA1B-E7583933235B}.Release|Any CPU.ActiveCfg = Release|Any CPU
		{2A479BF4-2567-4DF9-AA1B-E7583933235B}.Release|Any CPU.Build.0 = Release|Any CPU
	EndGlobalSection
	GlobalSection(SolutionProperties) = preSolution
		HideSolutionNode = FALSE
	EndGlobalSection
	GlobalSection(ExtensibilityGlobals) = postSolution
		SolutionGuid = {4BCE8D46-0A9E-4034-8FA8-9CA272CA89B6}
	EndGlobalSection
EndGlobal
