
Microsoft Visual Studio Solution File, Format Version 12.00
# Visual Studio Version 16
VisualStudioVersion = 16.0.30002.166
MinimumVisualStudioVersion = 10.0.40219.1
Project("{FAE04EC0-301F-11D3-BF4B-00C04F79EFBC}") = "Funcion1", "Funcion1.csproj", "{8C3A70F6-6B00-4651-804A-9F6EAA3186EC}"
EndProject
Global
	GlobalSection(SolutionConfigurationPlatforms) = preSolution
		Debug|Any CPU = Debug|Any CPU
		Release|Any CPU = Release|Any CPU
	EndGlobalSection
	GlobalSection(ProjectConfigurationPlatforms) = postSolution
		{8C3A70F6-6B00-4651-804A-9F6EAA3186EC}.Debug|Any CPU.ActiveCfg = Debug|Any CPU
		{8C3A70F6-6B00-4651-804A-9F6EAA3186EC}.Debug|Any CPU.Build.0 = Debug|Any CPU
		{8C3A70F6-6B00-4651-804A-9F6EAA3186EC}.Release|Any CPU.ActiveCfg = Release|Any CPU
		{8C3A70F6-6B00-4651-804A-9F6EAA3186EC}.Release|Any CPU.Build.0 = Release|Any CPU
	EndGlobalSection
	GlobalSection(SolutionProperties) = preSolution
		HideSolutionNode = FALSE
	EndGlobalSection
	GlobalSection(ExtensibilityGlobals) = postSolution
		SolutionGuid = {1A0C688E-E3EA-419E-91BE-300DFE7BAE63}
	EndGlobalSection
EndGlobal
