
Microsoft Visual Studio Solution File, Format Version 12.00
# Visual Studio Version 16
VisualStudioVersion = 16.0.30002.166
MinimumVisualStudioVersion = 10.0.40219.1
Project("{FAE04EC0-301F-11D3-BF4B-00C04F79EFBC}") = "ExpresionesLogicas", "ExpresionesLogicas.csproj", "{86DC8818-917E-4B0D-8C79-759703151AA8}"
EndProject
Global
	GlobalSection(SolutionConfigurationPlatforms) = preSolution
		Debug|Any CPU = Debug|Any CPU
		Release|Any CPU = Release|Any CPU
	EndGlobalSection
	GlobalSection(ProjectConfigurationPlatforms) = postSolution
		{86DC8818-917E-4B0D-8C79-759703151AA8}.Debug|Any CPU.ActiveCfg = Debug|Any CPU
		{86DC8818-917E-4B0D-8C79-759703151AA8}.Debug|Any CPU.Build.0 = Debug|Any CPU
		{86DC8818-917E-4B0D-8C79-759703151AA8}.Release|Any CPU.ActiveCfg = Release|Any CPU
		{86DC8818-917E-4B0D-8C79-759703151AA8}.Release|Any CPU.Build.0 = Release|Any CPU
	EndGlobalSection
	GlobalSection(SolutionProperties) = preSolution
		HideSolutionNode = FALSE
	EndGlobalSection
	GlobalSection(ExtensibilityGlobals) = postSolution
		SolutionGuid = {1944EAFB-F38C-4378-B231-B7FCD01AA9A6}
	EndGlobalSection
EndGlobal
