
Microsoft Visual Studio Solution File, Format Version 12.00
# Visual Studio Version 16
VisualStudioVersion = 16.0.30002.166
MinimumVisualStudioVersion = 10.0.40219.1
Project("{FAE04EC0-301F-11D3-BF4B-00C04F79EFBC}") = "CicloWhile", "CicloWhile.csproj", "{FE09B2C5-E85E-47EE-893A-5C546A7CFA07}"
EndProject
Global
	GlobalSection(SolutionConfigurationPlatforms) = preSolution
		Debug|Any CPU = Debug|Any CPU
		Release|Any CPU = Release|Any CPU
	EndGlobalSection
	GlobalSection(ProjectConfigurationPlatforms) = postSolution
		{FE09B2C5-E85E-47EE-893A-5C546A7CFA07}.Debug|Any CPU.ActiveCfg = Debug|Any CPU
		{FE09B2C5-E85E-47EE-893A-5C546A7CFA07}.Debug|Any CPU.Build.0 = Debug|Any CPU
		{FE09B2C5-E85E-47EE-893A-5C546A7CFA07}.Release|Any CPU.ActiveCfg = Release|Any CPU
		{FE09B2C5-E85E-47EE-893A-5C546A7CFA07}.Release|Any CPU.Build.0 = Release|Any CPU
	EndGlobalSection
	GlobalSection(SolutionProperties) = preSolution
		HideSolutionNode = FALSE
	EndGlobalSection
	GlobalSection(ExtensibilityGlobals) = postSolution
		SolutionGuid = {D7C4F28B-3745-441C-8975-37C8D3D1B606}
	EndGlobalSection
EndGlobal
